github.com/FortAwesome/Font-Awesome v0.0.0-20241216213156-af620534bfc3/go.mod h1:IUgezN/MFpCDIlFezw3L8j83oeiIuYoj28Miwr/KUYo=
github.com/layer5io/academy-theme v0.3.9 h1:4CU6dmrV7CHDis5riGfvX/CyvulteivB9TQYiMg/EE0=
github.com/layer5io/academy-theme v0.3.9/go.mod h1:Dv72UWsREOvX4Zg4mJjrpoyDxdgxxpiDotxqYBXMjXo=
github.com/twbs/bootstrap v5.3.7+incompatible h1:ea1W8TOWZFkqSK2M0McpgzLiUQVru3bz8aHb0j/XtuM=
github.com/twbs/bootstrap v5.3.7+incompatible/go.mod h1:fZTSrkpSf0/HkL0IIJzvVspTt1r9zuf7XlZau8kpcY0=
